
Microsoft Visual Studio Solution File, Format Version 12.00
# Visual Studio Version 16
VisualStudioVersion = 16.0.34407.143
MinimumVisualStudioVersion = 10.0.40219.1
Project("{9A19103F-16F7-4668-BE54-9A1E7A4F7556}") = "Common", "Common\Common.csproj", "{76EB2D81-F8A4-4263-8D7B-BD72FB965926}"
EndProject
Project("{2150E333-8FDC-42A3-9474-1A3956D46DE8}") = "Samples", "Samples", "{F39AB6D3-10A4-4392-99E5-B827527D2310}"
EndProject
Project("{9A19103F-16F7-4668-BE54-9A1E7A4F7556}") = "06-Box", "Samples\06-Box\06-Box.csproj", "{F03169D5-DFF6-45C7-B67B-B9E44FF4BB43}"
EndProject
Project("{9A19103F-16F7-4668-BE54-9A1E7A4F7556}") = "07-Shapes", "Samples\07-Shapes\07-Shapes.csproj", "{68B7616F-A864-4478-BE25-7B9781102E72}"
EndProject
Project("{9A19103F-16F7-4668-BE54-9A1E7A4F7556}") = "07-LandAndWaves", "Samples\07-LandAndWaves\07-LandAndWaves.csproj", "{8F56A509-E390-4CE0-A9E7-C8E8ACE7E4CA}"
EndProject
Project("{9A19103F-16F7-4668-BE54-9A1E7A4F7556}") = "08-LitWaves", "Samples\08-LitWaves\08-LitWaves.csproj", "{2E6D6475-F3F1-4571-B424-FAD046826FAD}"
EndProject
Project("{9A19103F-16F7-4668-BE54-9A1E7A4F7556}") = "08-LitColumns", "Samples\08-LitColumns\08-LitColumns.csproj", "{563875A1-87AC-4349-BB9C-20085FD7496A}"
EndProject
Project("{9A19103F-16F7-4668-BE54-9A1E7A4F7556}") = "09-Crate", "Samples\09-Crate\09-Crate.csproj", "{F37413BB-A85B-47D2-BEB3-F5504C22CFF4}"
EndProject
Project("{9A19103F-16F7-4668-BE54-9A1E7A4F7556}") = "09-TexWaves", "Samples\09-TexWaves\09-TexWaves.csproj", "{2136E616-F0D8-4F55-BF31-D26F4100A072}"
EndProject
Project("{9A19103F-16F7-4668-BE54-9A1E7A4F7556}") = "09-TexColumns", "Samples\09-TexColumns\09-TexColumns.csproj", "{B7E332DD-A269-48C8-9A2D-DC431B71049E}"
EndProject
Project("{9A19103F-16F7-4668-BE54-9A1E7A4F7556}") = "10-Blend", "Samples\10-Blend\10-Blend.csproj", "{29819A80-A0A5-47EC-8937-593947065CCA}"
EndProject
Project("{9A19103F-16F7-4668-BE54-9A1E7A4F7556}") = "11-Stencil", "Samples\11-Stencil\11-Stencil.csproj", "{DDFE75C6-91C3-4E11-AB5E-70A2B7AB20CA}"
EndProject
Project("{9A19103F-16F7-4668-BE54-9A1E7A4F7556}") = "12-TreeBillboards", "Samples\12-TreeBillboards\12-TreeBillboards.csproj", "{DECFBF35-4E24-46C9-9116-AEF842F608C5}"
EndProject
Project("{9A19103F-16F7-4668-BE54-9A1E7A4F7556}") = "13-WavesCS", "Samples\13-WavesCS\13-WavesCS.csproj", "{E606D926-491E-43B9-A60D-FF0CFFE6E59E}"
EndProject
Project("{9A19103F-16F7-4668-BE54-9A1E7A4F7556}") = "13-VecAdd", "Samples\13-VecAdd\13-VecAdd.csproj", "{52F54CC6-5A9E-4E52-8007-BF1535AD9D31}"
EndProject
Project("{9A19103F-16F7-4668-BE54-9A1E7A4F7556}") = "13-SobelFilter", "Samples\13-SobelFilter\13-SobelFilter.csproj", "{CE1B2D38-6F3F-430F-9313-5BD4D3C10C62}"
EndProject
Project("{9A19103F-16F7-4668-BE54-9A1E7A4F7556}") = "13-Blur", "Samples\13-Blur\13-Blur.csproj", "{1E305AD7-C386-4331-9C8B-CBF765696A95}"
EndProject
Project("{9A19103F-16F7-4668-BE54-9A1E7A4F7556}") = "14-BasicTessellation", "Samples\14-BasicTessellation\14-BasicTessellation.csproj", "{A2DAB809-BC2A-4969-9BCA-89797D298E20}"
EndProject
Project("{9A19103F-16F7-4668-BE54-9A1E7A4F7556}") = "14-BezierPatch", "Samples\14-BezierPatch\14-BezierPatch.csproj", "{8CC0EF52-87B8-47F5-8331-307EECFDC464}"
EndProject
Project("{9A19103F-16F7-4668-BE54-9A1E7A4F7556}") = "04-InitDirect3D", "Samples\04-InitDirect3D\04-InitDirect3D.csproj", "{19E7FCEF-F70C-47F3-A7C9-FAF8E073CB01}"
EndProject
Project("{9A19103F-16F7-4668-BE54-9A1E7A4F7556}") = "15-CameraAndDynamicIndexing", "Samples\15-CameraAndDynamicIndexing\15-CameraAndDynamicIndexing.csproj", "{FDF80094-B8EF-4A18-8846-785D7AAC3FF7}"
EndProject
Project("{9A19103F-16F7-4668-BE54-9A1E7A4F7556}") = "18-CubeMap", "Samples\18-CubeMap\18-CubeMap.csproj", "{5D5DB9D8-A564-4D74-AF19-FB291DAE7F11}"
EndProject
Project("{9A19103F-16F7-4668-BE54-9A1E7A4F7556}") = "18-DynamicCube", "Samples\18-DynamicCube\18-DynamicCube.csproj", "{CECE954C-9008-46CB-9B75-7B04AF63E48F}"
EndProject
Project("{9A19103F-16F7-4668-BE54-9A1E7A4F7556}") = "19-NormalMap", "Samples\19-NormalMap\19-NormalMap.csproj", "{ED429735-90F7-4681-A46B-0892021BECBF}"
EndProject
Project("{9A19103F-16F7-4668-BE54-9A1E7A4F7556}") = "20-Shadows", "Samples\20-Shadows\20-Shadows.csproj", "{04BA6790-B0B7-4BDE-81C5-D08D49CA6F61}"
EndProject
Project("{9A19103F-16F7-4668-BE54-9A1E7A4F7556}") = "21-Ssao", "Samples\21-Ssao\21-Ssao.csproj", "{8FB409F9-7CBE-4753-8D3A-5EB2B94E1179}"
EndProject
Project("{9A19103F-16F7-4668-BE54-9A1E7A4F7556}") = "22-Quaternions", "Samples\22-Quaternions\22-Quaternions.csproj", "{4A18F0F3-7516-4561-B623-E1267BBED010}"
EndProject
Project("{9A19103F-16F7-4668-BE54-9A1E7A4F7556}") = "23-SkinnedMesh", "Samples\23-SkinnedMesh\23-SkinnedMesh.csproj", "{546A04C1-FDCE-41C7-B7C9-3DCA73BA1BC5}"
EndProject
Project("{9A19103F-16F7-4668-BE54-9A1E7A4F7556}") = "16-InstancingAndCulling", "Samples\16-InstancingAndCulling\16-InstancingAndCulling.csproj", "{9881AAB1-0FE1-4718-AF10-51DB4D8CA289}"
EndProject
Project("{9A19103F-16F7-4668-BE54-9A1E7A4F7556}") = "17-Picking", "Samples\17-Picking\17-Picking.csproj", "{88D2163E-8C9B-4EB5-B33F-B8B573220D30}"
EndProject
Project("{2150E333-8FDC-42A3-9474-1A3956D46DE8}") = ".build", ".build", "{3DD579B0-E62F-4398-9297-B4FD3906E1D5}"
	ProjectSection(SolutionItems) = preProject
		.editorconfig = .editorconfig
		.gitignore = .gitignore
		Directory.Build.props = Directory.Build.props
		README.md = README.md
	EndProjectSection
EndProject
Global
	GlobalSection(SolutionConfigurationPlatforms) = preSolution
		Debug|x64 = Debug|x64
		Release|x64 = Release|x64
	EndGlobalSection
	GlobalSection(ProjectConfigurationPlatforms) = postSolution
		{76EB2D81-F8A4-4263-8D7B-BD72FB965926}.Debug|x64.ActiveCfg = Debug|x64
		{76EB2D81-F8A4-4263-8D7B-BD72FB965926}.Debug|x64.Build.0 = Debug|x64
		{76EB2D81-F8A4-4263-8D7B-BD72FB965926}.Release|x64.ActiveCfg = Release|x64
		{76EB2D81-F8A4-4263-8D7B-BD72FB965926}.Release|x64.Build.0 = Release|x64
		{F03169D5-DFF6-45C7-B67B-B9E44FF4BB43}.Debug|x64.ActiveCfg = Debug|x64
		{F03169D5-DFF6-45C7-B67B-B9E44FF4BB43}.Debug|x64.Build.0 = Debug|x64
		{F03169D5-DFF6-45C7-B67B-B9E44FF4BB43}.Release|x64.ActiveCfg = Release|x64
		{F03169D5-DFF6-45C7-B67B-B9E44FF4BB43}.Release|x64.Build.0 = Release|x64
		{68B7616F-A864-4478-BE25-7B9781102E72}.Debug|x64.ActiveCfg = Debug|x64
		{68B7616F-A864-4478-BE25-7B9781102E72}.Debug|x64.Build.0 = Debug|x64
		{68B7616F-A864-4478-BE25-7B9781102E72}.Release|x64.ActiveCfg = Release|x64
		{68B7616F-A864-4478-BE25-7B9781102E72}.Release|x64.Build.0 = Release|x64
		{8F56A509-E390-4CE0-A9E7-C8E8ACE7E4CA}.Debug|x64.ActiveCfg = Debug|x64
		{8F56A509-E390-4CE0-A9E7-C8E8ACE7E4CA}.Debug|x64.Build.0 = Debug|x64
		{8F56A509-E390-4CE0-A9E7-C8E8ACE7E4CA}.Release|x64.ActiveCfg = Release|x64
		{8F56A509-E390-4CE0-A9E7-C8E8ACE7E4CA}.Release|x64.Build.0 = Release|x64
		{2E6D6475-F3F1-4571-B424-FAD046826FAD}.Debug|x64.ActiveCfg = Debug|x64
		{2E6D6475-F3F1-4571-B424-FAD046826FAD}.Debug|x64.Build.0 = Debug|x64
		{2E6D6475-F3F1-4571-B424-FAD046826FAD}.Release|x64.ActiveCfg = Release|x64
		{2E6D6475-F3F1-4571-B424-FAD046826FAD}.Release|x64.Build.0 = Release|x64
		{563875A1-87AC-4349-BB9C-20085FD7496A}.Debug|x64.ActiveCfg = Debug|x64
		{563875A1-87AC-4349-BB9C-20085FD7496A}.Debug|x64.Build.0 = Debug|x64
		{563875A1-87AC-4349-BB9C-20085FD7496A}.Release|x64.ActiveCfg = Release|x64
		{563875A1-87AC-4349-BB9C-20085FD7496A}.Release|x64.Build.0 = Release|x64
		{F37413BB-A85B-47D2-BEB3-F5504C22CFF4}.Debug|x64.ActiveCfg = Debug|x64
		{F37413BB-A85B-47D2-BEB3-F5504C22CFF4}.Debug|x64.Build.0 = Debug|x64
		{F37413BB-A85B-47D2-BEB3-F5504C22CFF4}.Release|x64.ActiveCfg = Release|x64
		{F37413BB-A85B-47D2-BEB3-F5504C22CFF4}.Release|x64.Build.0 = Release|x64
		{2136E616-F0D8-4F55-BF31-D26F4100A072}.Debug|x64.ActiveCfg = Debug|x64
		{2136E616-F0D8-4F55-BF31-D26F4100A072}.Debug|x64.Build.0 = Debug|x64
		{2136E616-F0D8-4F55-BF31-D26F4100A072}.Release|x64.ActiveCfg = Release|x64
		{2136E616-F0D8-4F55-BF31-D26F4100A072}.Release|x64.Build.0 = Release|x64
		{B7E332DD-A269-48C8-9A2D-DC431B71049E}.Debug|x64.ActiveCfg = Debug|x64
		{B7E332DD-A269-48C8-9A2D-DC431B71049E}.Debug|x64.Build.0 = Debug|x64
		{B7E332DD-A269-48C8-9A2D-DC431B71049E}.Release|x64.ActiveCfg = Release|x64
		{B7E332DD-A269-48C8-9A2D-DC431B71049E}.Release|x64.Build.0 = Release|x64
		{29819A80-A0A5-47EC-8937-593947065CCA}.Debug|x64.ActiveCfg = Debug|x64
		{29819A80-A0A5-47EC-8937-593947065CCA}.Debug|x64.Build.0 = Debug|x64
		{29819A80-A0A5-47EC-8937-593947065CCA}.Release|x64.ActiveCfg = Release|x64
		{29819A80-A0A5-47EC-8937-593947065CCA}.Release|x64.Build.0 = Release|x64
		{DDFE75C6-91C3-4E11-AB5E-70A2B7AB20CA}.Debug|x64.ActiveCfg = Debug|x64
		{DDFE75C6-91C3-4E11-AB5E-70A2B7AB20CA}.Debug|x64.Build.0 = Debug|x64
		{DDFE75C6-91C3-4E11-AB5E-70A2B7AB20CA}.Release|x64.ActiveCfg = Release|x64
		{DDFE75C6-91C3-4E11-AB5E-70A2B7AB20CA}.Release|x64.Build.0 = Release|x64
		{DECFBF35-4E24-46C9-9116-AEF842F608C5}.Debug|x64.ActiveCfg = Debug|x64
		{DECFBF35-4E24-46C9-9116-AEF842F608C5}.Debug|x64.Build.0 = Debug|x64
		{DECFBF35-4E24-46C9-9116-AEF842F608C5}.Release|x64.ActiveCfg = Release|x64
		{DECFBF35-4E24-46C9-9116-AEF842F608C5}.Release|x64.Build.0 = Release|x64
		{E606D926-491E-43B9-A60D-FF0CFFE6E59E}.Debug|x64.ActiveCfg = Debug|x64
		{E606D926-491E-43B9-A60D-FF0CFFE6E59E}.Debug|x64.Build.0 = Debug|x64
		{E606D926-491E-43B9-A60D-FF0CFFE6E59E}.Release|x64.ActiveCfg = Release|x64
		{E606D926-491E-43B9-A60D-FF0CFFE6E59E}.Release|x64.Build.0 = Release|x64
		{52F54CC6-5A9E-4E52-8007-BF1535AD9D31}.Debug|x64.ActiveCfg = Debug|x64
		{52F54CC6-5A9E-4E52-8007-BF1535AD9D31}.Debug|x64.Build.0 = Debug|x64
		{52F54CC6-5A9E-4E52-8007-BF1535AD9D31}.Release|x64.ActiveCfg = Release|x64
		{52F54CC6-5A9E-4E52-8007-BF1535AD9D31}.Release|x64.Build.0 = Release|x64
		{CE1B2D38-6F3F-430F-9313-5BD4D3C10C62}.Debug|x64.ActiveCfg = Debug|x64
		{CE1B2D38-6F3F-430F-9313-5BD4D3C10C62}.Debug|x64.Build.0 = Debug|x64
		{CE1B2D38-6F3F-430F-9313-5BD4D3C10C62}.Release|x64.ActiveCfg = Release|x64
		{CE1B2D38-6F3F-430F-9313-5BD4D3C10C62}.Release|x64.Build.0 = Release|x64
		{1E305AD7-C386-4331-9C8B-CBF765696A95}.Debug|x64.ActiveCfg = Debug|x64
		{1E305AD7-C386-4331-9C8B-CBF765696A95}.Debug|x64.Build.0 = Debug|x64
		{1E305AD7-C386-4331-9C8B-CBF765696A95}.Release|x64.ActiveCfg = Release|x64
		{1E305AD7-C386-4331-9C8B-CBF765696A95}.Release|x64.Build.0 = Release|x64
		{A2DAB809-BC2A-4969-9BCA-89797D298E20}.Debug|x64.ActiveCfg = Debug|x64
		{A2DAB809-BC2A-4969-9BCA-89797D298E20}.Debug|x64.Build.0 = Debug|x64
		{A2DAB809-BC2A-4969-9BCA-89797D298E20}.Release|x64.ActiveCfg = Release|x64
		{A2DAB809-BC2A-4969-9BCA-89797D298E20}.Release|x64.Build.0 = Release|x64
		{8CC0EF52-87B8-47F5-8331-307EECFDC464}.Debug|x64.ActiveCfg = Debug|x64
		{8CC0EF52-87B8-47F5-8331-307EECFDC464}.Debug|x64.Build.0 = Debug|x64
		{8CC0EF52-87B8-47F5-8331-307EECFDC464}.Release|x64.ActiveCfg = Release|x64
		{8CC0EF52-87B8-47F5-8331-307EECFDC464}.Release|x64.Build.0 = Release|x64
		{19E7FCEF-F70C-47F3-A7C9-FAF8E073CB01}.Debug|x64.ActiveCfg = Debug|x64
		{19E7FCEF-F70C-47F3-A7C9-FAF8E073CB01}.Debug|x64.Build.0 = Debug|x64
		{19E7FCEF-F70C-47F3-A7C9-FAF8E073CB01}.Release|x64.ActiveCfg = Release|x64
		{19E7FCEF-F70C-47F3-A7C9-FAF8E073CB01}.Release|x64.Build.0 = Release|x64
		{FDF80094-B8EF-4A18-8846-785D7AAC3FF7}.Debug|x64.ActiveCfg = Debug|x64
		{FDF80094-B8EF-4A18-8846-785D7AAC3FF7}.Debug|x64.Build.0 = Debug|x64
		{FDF80094-B8EF-4A18-8846-785D7AAC3FF7}.Release|x64.ActiveCfg = Release|x64
		{FDF80094-B8EF-4A18-8846-785D7AAC3FF7}.Release|x64.Build.0 = Release|x64
		{5D5DB9D8-A564-4D74-AF19-FB291DAE7F11}.Debug|x64.ActiveCfg = Debug|x64
		{5D5DB9D8-A564-4D74-AF19-FB291DAE7F11}.Debug|x64.Build.0 = Debug|x64
		{5D5DB9D8-A564-4D74-AF19-FB291DAE7F11}.Release|x64.ActiveCfg = Release|x64
		{5D5DB9D8-A564-4D74-AF19-FB291DAE7F11}.Release|x64.Build.0 = Release|x64
		{CECE954C-9008-46CB-9B75-7B04AF63E48F}.Debug|x64.ActiveCfg = Debug|x64
		{CECE954C-9008-46CB-9B75-7B04AF63E48F}.Debug|x64.Build.0 = Debug|x64
		{CECE954C-9008-46CB-9B75-7B04AF63E48F}.Release|x64.ActiveCfg = Release|x64
		{CECE954C-9008-46CB-9B75-7B04AF63E48F}.Release|x64.Build.0 = Release|x64
		{ED429735-90F7-4681-A46B-0892021BECBF}.Debug|x64.ActiveCfg = Debug|x64
		{ED429735-90F7-4681-A46B-0892021BECBF}.Debug|x64.Build.0 = Debug|x64
		{ED429735-90F7-4681-A46B-0892021BECBF}.Release|x64.ActiveCfg = Release|x64
		{ED429735-90F7-4681-A46B-0892021BECBF}.Release|x64.Build.0 = Release|x64
		{04BA6790-B0B7-4BDE-81C5-D08D49CA6F61}.Debug|x64.ActiveCfg = Debug|x64
		{04BA6790-B0B7-4BDE-81C5-D08D49CA6F61}.Debug|x64.Build.0 = Debug|x64
		{04BA6790-B0B7-4BDE-81C5-D08D49CA6F61}.Release|x64.ActiveCfg = Release|x64
		{04BA6790-B0B7-4BDE-81C5-D08D49CA6F61}.Release|x64.Build.0 = Release|x64
		{8FB409F9-7CBE-4753-8D3A-5EB2B94E1179}.Debug|x64.ActiveCfg = Debug|x64
		{8FB409F9-7CBE-4753-8D3A-5EB2B94E1179}.Debug|x64.Build.0 = Debug|x64
		{8FB409F9-7CBE-4753-8D3A-5EB2B94E1179}.Release|x64.ActiveCfg = Release|x64
		{8FB409F9-7CBE-4753-8D3A-5EB2B94E1179}.Release|x64.Build.0 = Release|x64
		{4A18F0F3-7516-4561-B623-E1267BBED010}.Debug|x64.ActiveCfg = Debug|x64
		{4A18F0F3-7516-4561-B623-E1267BBED010}.Debug|x64.Build.0 = Debug|x64
		{4A18F0F3-7516-4561-B623-E1267BBED010}.Release|x64.ActiveCfg = Release|x64
		{4A18F0F3-7516-4561-B623-E1267BBED010}.Release|x64.Build.0 = Release|x64
		{546A04C1-FDCE-41C7-B7C9-3DCA73BA1BC5}.Debug|x64.ActiveCfg = Debug|x64
		{546A04C1-FDCE-41C7-B7C9-3DCA73BA1BC5}.Debug|x64.Build.0 = Debug|x64
		{546A04C1-FDCE-41C7-B7C9-3DCA73BA1BC5}.Release|x64.ActiveCfg = Release|x64
		{546A04C1-FDCE-41C7-B7C9-3DCA73BA1BC5}.Release|x64.Build.0 = Release|x64
		{9881AAB1-0FE1-4718-AF10-51DB4D8CA289}.Debug|x64.ActiveCfg = Debug|x64
		{9881AAB1-0FE1-4718-AF10-51DB4D8CA289}.Debug|x64.Build.0 = Debug|x64
		{9881AAB1-0FE1-4718-AF10-51DB4D8CA289}.Release|x64.ActiveCfg = Release|x64
		{9881AAB1-0FE1-4718-AF10-51DB4D8CA289}.Release|x64.Build.0 = Release|x64
		{88D2163E-8C9B-4EB5-B33F-B8B573220D30}.Debug|x64.ActiveCfg = Debug|x64
		{88D2163E-8C9B-4EB5-B33F-B8B573220D30}.Debug|x64.Build.0 = Debug|x64
		{88D2163E-8C9B-4EB5-B33F-B8B573220D30}.Release|x64.ActiveCfg = Release|x64
		{88D2163E-8C9B-4EB5-B33F-B8B573220D30}.Release|x64.Build.0 = Release|x64
	EndGlobalSection
	GlobalSection(SolutionProperties) = preSolution
		HideSolutionNode = FALSE
	EndGlobalSection
	GlobalSection(NestedProjects) = preSolution
		{F03169D5-DFF6-45C7-B67B-B9E44FF4BB43} = {F39AB6D3-10A4-4392-99E5-B827527D2310}
		{68B7616F-A864-4478-BE25-7B9781102E72} = {F39AB6D3-10A4-4392-99E5-B827527D2310}
		{8F56A509-E390-4CE0-A9E7-C8E8ACE7E4CA} = {F39AB6D3-10A4-4392-99E5-B827527D2310}
		{2E6D6475-F3F1-4571-B424-FAD046826FAD} = {F39AB6D3-10A4-4392-99E5-B827527D2310}
		{563875A1-87AC-4349-BB9C-20085FD7496A} = {F39AB6D3-10A4-4392-99E5-B827527D2310}
		{F37413BB-A85B-47D2-BEB3-F5504C22CFF4} = {F39AB6D3-10A4-4392-99E5-B827527D2310}
		{2136E616-F0D8-4F55-BF31-D26F4100A072} = {F39AB6D3-10A4-4392-99E5-B827527D2310}
		{B7E332DD-A269-48C8-9A2D-DC431B71049E} = {F39AB6D3-10A4-4392-99E5-B827527D2310}
		{29819A80-A0A5-47EC-8937-593947065CCA} = {F39AB6D3-10A4-4392-99E5-B827527D2310}
		{DDFE75C6-91C3-4E11-AB5E-70A2B7AB20CA} = {F39AB6D3-10A4-4392-99E5-B827527D2310}
		{DECFBF35-4E24-46C9-9116-AEF842F608C5} = {F39AB6D3-10A4-4392-99E5-B827527D2310}
		{E606D926-491E-43B9-A60D-FF0CFFE6E59E} = {F39AB6D3-10A4-4392-99E5-B827527D2310}
		{52F54CC6-5A9E-4E52-8007-BF1535AD9D31} = {F39AB6D3-10A4-4392-99E5-B827527D2310}
		{CE1B2D38-6F3F-430F-9313-5BD4D3C10C62} = {F39AB6D3-10A4-4392-99E5-B827527D2310}
		{1E305AD7-C386-4331-9C8B-CBF765696A95} = {F39AB6D3-10A4-4392-99E5-B827527D2310}
		{A2DAB809-BC2A-4969-9BCA-89797D298E20} = {F39AB6D3-10A4-4392-99E5-B827527D2310}
		{8CC0EF52-87B8-47F5-8331-307EECFDC464} = {F39AB6D3-10A4-4392-99E5-B827527D2310}
		{19E7FCEF-F70C-47F3-A7C9-FAF8E073CB01} = {F39AB6D3-10A4-4392-99E5-B827527D2310}
		{FDF80094-B8EF-4A18-8846-785D7AAC3FF7} = {F39AB6D3-10A4-4392-99E5-B827527D2310}
		{5D5DB9D8-A564-4D74-AF19-FB291DAE7F11} = {F39AB6D3-10A4-4392-99E5-B827527D2310}
		{CECE954C-9008-46CB-9B75-7B04AF63E48F} = {F39AB6D3-10A4-4392-99E5-B827527D2310}
		{ED429735-90F7-4681-A46B-0892021BECBF} = {F39AB6D3-10A4-4392-99E5-B827527D2310}
		{04BA6790-B0B7-4BDE-81C5-D08D49CA6F61} = {F39AB6D3-10A4-4392-99E5-B827527D2310}
		{8FB409F9-7CBE-4753-8D3A-5EB2B94E1179} = {F39AB6D3-10A4-4392-99E5-B827527D2310}
		{4A18F0F3-7516-4561-B623-E1267BBED010} = {F39AB6D3-10A4-4392-99E5-B827527D2310}
		{546A04C1-FDCE-41C7-B7C9-3DCA73BA1BC5} = {F39AB6D3-10A4-4392-99E5-B827527D2310}
		{9881AAB1-0FE1-4718-AF10-51DB4D8CA289} = {F39AB6D3-10A4-4392-99E5-B827527D2310}
		{88D2163E-8C9B-4EB5-B33F-B8B573220D30} = {F39AB6D3-10A4-4392-99E5-B827527D2310}
	EndGlobalSection
	GlobalSection(ExtensibilityGlobals) = postSolution
		SolutionGuid = {3678B34C-2F9A-4981-8FBB-B517E1D1B3D4}
	EndGlobalSection
EndGlobal
